{
  "version": "1",
  "skills": [
    {
      "name": "vercel-react-best-practices",
      "source": "https://github.com/vercel-labs/agent-skills",
      "installName": "vercel-react-best-practices",
      "installedAt": "2026-03-09T00:00:00.000Z",
      "agents": ["github-copilot"]
    },
    {
      "name": "vercel-composition-patterns",
      "source": "https://github.com/vercel-labs/agent-skills",
      "installName": "vercel-composition-patterns",
      "installedAt": "2026-03-09T00:00:00.000Z",
      "agents": ["github-copilot"]
    },
    {
      "name": "web-design-guidelines",
      "source": "https://github.com/vercel-labs/agent-skills",
      "installName": "web-design-guidelines",
      "installedAt": "2026-03-09T00:00:00.000Z",
      "agents": ["github-copilot"]
    },
    {
      "name": "frontend-design",
      "source": "https://github.com/anthropics/skills",
      "installName": "frontend-design",
      "installedAt": "2026-03-09T00:00:00.000Z",
      "agents": ["github-copilot"]
    },
    {
      "name": "deploy-to-vercel",
      "source": "https://github.com/vercel-labs/agent-skills",
      "installName": "deploy-to-vercel",
      "installedAt": "2026-03-09T00:00:00.000Z",
      "agents": ["github-copilot"]
    },
    {
      "name": "skill-creator",
      "source": "https://github.com/anthropics/skills",
      "installName": "skill-creator",
      "installedAt": "2026-03-09T00:00:00.000Z",
      "agents": ["github-copilot"]
    },
    {
      "name": "astro-best-practices",
      "source": "custom",
      "installName": "astro-best-practices",
      "installedAt": "2026-03-09T00:00:00.000Z",
      "agents": ["github-copilot"]
    },
    {
      "name": "tailwindcss-v4",
      "source": "custom",
      "installName": "tailwindcss-v4",
      "installedAt": "2026-03-09T00:00:00.000Z",
      "agents": ["github-copilot"]
    },
    {
      "name": "neon-serverless",
      "source": "custom",
      "installName": "neon-serverless",
      "installedAt": "2026-03-09T00:00:00.000Z",
      "agents": ["github-copilot"]
    }
  ]
}
